// !$*UTF8*$!
{
	archiveVersion = 1;
	classes = {
	};
	objectVersion = 51;
	objects = {

/* Begin PBXBuildFile section */
		28D38A722421A749006534CB /* AppDelegate.swift in Sources */ = {isa = PBXBuildFile; fileRef = 28D38A712421A749006534CB /* AppDelegate.swift */; };
		28D38A742421A749006534CB /* SceneDelegate.swift in Sources */ = {isa = PBXBuildFile; fileRef = 28D38A732421A749006534CB /* SceneDelegate.swift */; };
		28D38A762421A749006534CB /* ContentView.swift in Sources */ = {isa = PBXBuildFile; fileRef = 28D38A752421A749006534CB /* ContentView.swift */; };
		28D38A782421A74A006534CB /* Assets.xcassets in Resources */ = {isa = PBXBuildFile; fileRef = 28D38A772421A74A006534CB /* Assets.xcassets */; };
		28D38A7B2421A74A006534CB /* Preview Assets.xcassets in Resources */ = {isa = PBXBuildFile; fileRef = 28D38A7A2421A74A006534CB /* Preview Assets.xcassets */; };
		28D38A7E2421A74A006534CB /* LaunchScreen.storyboard in Resources */ = {isa = PBXBuildFile; fileRef = 28D38A7C2421A74A006534CB /* LaunchScreen.storyboard */; };
		28D38A882421AECF006534CB /* ContentViewModel.swift in Sources */ = {isa = PBXBuildFile; fileRef = 28D38A872421AECF006534CB /* ContentViewModel.swift */; };
		28D38A8A2421D0F2006534CB /* CancellableArrayExtension.swift in Sources */ = {isa = PBXBuildFile; fileRef = 28D38A892421D0F2006534CB /* CancellableArrayExtension.swift */; };
		28D38A8C2421F0E4006534CB /* Stupid.swift in Sources */ = {isa = PBXBuildFile; fileRef = 28D38A8B2421F0E4006534CB /* Stupid.swift */; };
		8771D439B1C68BC2C4E84A7A /* Pods_RealmFetchSample.framework in Frameworks */ = {isa = PBXBuildFile; fileRef = 7F33A6A9819749C038F9B640 /* Pods_RealmFetchSample.framework */; };
/* End PBXBuildFile section */

/* Begin PBXFileReference section */
		28D38A6E2421A749006534CB /* RealmFetchSample.app */ = {isa = PBXFileReference; explicitFileType = wrapper.application; includeInIndex = 0; path = RealmFetchSample.app; sourceTree = BUILT_PRODUCTS_DIR; };
		28D38A712421A749006534CB /* AppDelegate.swift */ = {isa = PBXFileReference; lastKnownFileType = sourcecode.swift; path = AppDelegate.swift; sourceTree = "<group>"; };
		28D38A732421A749006534CB /* SceneDelegate.swift */ = {isa = PBXFileReference; lastKnownFileType = sourcecode.swift; path = SceneDelegate.swift; sourceTree = "<group>"; };
		28D38A752421A749006534CB /* ContentView.swift */ = {isa = PBXFileReference; lastKnownFileType = sourcecode.swift; path = ContentView.swift; sourceTree = "<group>"; };
		28D38A772421A74A006534CB /* Assets.xcassets */ = {isa = PBXFileReference; lastKnownFileType = folder.assetcatalog; path = Assets.xcassets; sourceTree = "<group>"; };
		28D38A7A2421A74A006534CB /* Preview Assets.xcassets */ = {isa = PBXFileReference; lastKnownFileType = folder.assetcatalog; path = "Preview Assets.xcassets"; sourceTree = "<group>"; };
		28D38A7D2421A74A006534CB /* Base */ = {isa = PBXFileReference; lastKnownFileType = file.storyboard; name = Base; path = Base.lproj/LaunchScreen.storyboard; sourceTree = "<group>"; };
		28D38A7F2421A74A006534CB /* Info.plist */ = {isa = PBXFileReference; lastKnownFileType = text.plist.xml; path = Info.plist; sourceTree = "<group>"; };
		28D38A872421AECF006534CB /* ContentViewModel.swift */ = {isa = PBXFileReference; lastKnownFileType = sourcecode.swift; path = ContentViewModel.swift; sourceTree = "<group>"; };
		28D38A892421D0F2006534CB /* CancellableArrayExtension.swift */ = {isa = PBXFileReference; lastKnownFileType = sourcecode.swift; path = CancellableArrayExtension.swift; sourceTree = "<group>"; };
		28D38A8B2421F0E4006534CB /* Stupid.swift */ = {isa = PBXFileReference; lastKnownFileType = sourcecode.swift; path = Stupid.swift; sourceTree = "<group>"; };
		7F33A6A9819749C038F9B640 /* Pods_RealmFetchSample.framework */ = {isa = PBXFileReference; explicitFileType = wrapper.framework; includeInIndex = 0; path = Pods_RealmFetchSample.framework; sourceTree = BUILT_PRODUCTS_DIR; };
		98FF82CD154FC8ED5D333694 /* Pods-RealmFetchSample.debug.xcconfig */ = {isa = PBXFileReference; includeInIndex = 1; lastKnownFileType = text.xcconfig; name = "Pods-RealmFetchSample.debug.xcconfig"; path = "Target Support Files/Pods-RealmFetchSample/Pods-RealmFetchSample.debug.xcconfig"; sourceTree = "<group>"; };
		D241BF049F289B7716E9E543 /* Pods-RealmFetchSample.release.xcconfig */ = {isa = PBXFileReference; includeInIndex = 1; lastKnownFileType = text.xcconfig; name = "Pods-RealmFetchSample.release.xcconfig"; path = "Target Support Files/Pods-RealmFetchSample/Pods-RealmFetchSample.release.xcconfig"; sourceTree = "<group>"; };
/* End PBXFileReference section */

/* Begin PBXFrameworksBuildPhase section */
		28D38A6B2421A749006534CB /* Frameworks */ = {
			isa = PBXFrameworksBuildPhase;
			buildActionMask = 2147483647;
			files = (
				8771D439B1C68BC2C4E84A7A /* Pods_RealmFetchSample.framework in Frameworks */,
			);
			runOnlyForDeploymentPostprocessing = 0;
		};
/* End PBXFrameworksBuildPhase section */

/* Begin PBXGroup section */
		28D38A652421A749006534CB = {
			isa = PBXGroup;
			children = (
				28D38A702421A749006534CB /* RealmFetchSample */,
				28D38A6F2421A749006534CB /* Products */,
				9DCCFB27149F81E9C39D7FB7 /* Pods */,
				B5D7966E4375644B1919897D /* Frameworks */,
			);
			sourceTree = "<group>";
		};
		28D38A6F2421A749006534CB /* Products */ = {
			isa = PBXGroup;
			children = (
				28D38A6E2421A749006534CB /* RealmFetchSample.app */,
			);
			name = Products;
			sourceTree = "<group>";
		};
		28D38A702421A749006534CB /* RealmFetchSample */ = {
			isa = PBXGroup;
			children = (
				28D38A712421A749006534CB /* AppDelegate.swift */,
				28D38A732421A749006534CB /* SceneDelegate.swift */,
				28D38A752421A749006534CB /* ContentView.swift */,
				28D38A872421AECF006534CB /* ContentViewModel.swift */,
				28D38A892421D0F2006534CB /* CancellableArrayExtension.swift */,
				28D38A8B2421F0E4006534CB /* Stupid.swift */,
				28D38A772421A74A006534CB /* Assets.xcassets */,
				28D38A7C2421A74A006534CB /* LaunchScreen.storyboard */,
				28D38A7F2421A74A006534CB /* Info.plist */,
				28D38A792421A74A006534CB /* Preview Content */,
			);
			path = RealmFetchSample;
			sourceTree = "<group>";
		};
		28D38A792421A74A006534CB /* Preview Content */ = {
			isa = PBXGroup;
			children = (
				28D38A7A2421A74A006534CB /* Preview Assets.xcassets */,
			);
			path = "Preview Content";
			sourceTree = "<group>";
		};
		9DCCFB27149F81E9C39D7FB7 /* Pods */ = {
			isa = PBXGroup;
			children = (
				98FF82CD154FC8ED5D333694 /* Pods-RealmFetchSample.debug.xcconfig */,
				D241BF049F289B7716E9E543 /* Pods-RealmFetchSample.release.xcconfig */,
			);
			path = Pods;
			sourceTree = "<group>";
		};
		B5D7966E4375644B1919897D /* Frameworks */ = {
			isa = PBXGroup;
			children = (
				7F33A6A9819749C038F9B640 /* Pods_RealmFetchSample.framework */,
			);
			name = Frameworks;
			sourceTree = "<group>";
		};
/* End PBXGroup section */

/* Begin PBXNativeTarget section */
		28D38A6D2421A749006534CB /* RealmFetchSample */ = {
			isa = PBXNativeTarget;
			buildConfigurationList = 28D38A822421A74A006534CB /* Build configuration list for PBXNativeTarget "RealmFetchSample" */;
			buildPhases = (
				81E762E19479CC1A0EE8034E /* [CP] Check Pods Manifest.lock */,
				28D38A6A2421A749006534CB /* Sources */,
				28D38A6B2421A749006534CB /* Frameworks */,
				28D38A6C2421A749006534CB /* Resources */,
				42F0B601636EAEEA958E7659 /* [CP] Embed Pods Frameworks */,
			);
			buildRules = (
			);
			dependencies = (
			);
			name = RealmFetchSample;
			productName = RealmFetchSample;
			productReference = 28D38A6E2421A749006534CB /* RealmFetchSample.app */;
			productType = "com.apple.product-type.application";
		};
/* End PBXNativeTarget section */

/* Begin PBXProject section */
		28D38A662421A749006534CB /* Project object */ = {
			isa = PBXProject;
			attributes = {
				LastSwiftUpdateCheck = 1130;
				LastUpgradeCheck = 1130;
				ORGANIZATIONNAME = "yumenosuke koukata";
				TargetAttributes = {
					28D38A6D2421A749006534CB = {
						CreatedOnToolsVersion = 11.3.1;
					};
				};
			};
			buildConfigurationList = 28D38A692421A749006534CB /* Build configuration list for PBXProject "RealmFetchSample" */;
			compatibilityVersion = "Xcode 9.3";
			developmentRegion = en;
			hasScannedForEncodings = 0;
			knownRegions = (
				en,
				Base,
			);
			mainGroup = 28D38A652421A749006534CB;
			productRefGroup = 28D38A6F2421A749006534CB /* Products */;
			projectDirPath = "";
			projectRoot = "";
			targets = (
				28D38A6D2421A749006534CB /* RealmFetchSample */,
			);
		};
/* End PBXProject section */

/* Begin PBXResourcesBuildPhase section */
		28D38A6C2421A749006534CB /* Resources */ = {
			isa = PBXResourcesBuildPhase;
			buildActionMask = 2147483647;
			files = (
				28D38A7E2421A74A006534CB /* LaunchScreen.storyboard in Resources */,
				28D38A7B2421A74A006534CB /* Preview Assets.xcassets in Resources */,
				28D38A782421A74A006534CB /* Assets.xcassets in Resources */,
			);
			runOnlyForDeploymentPostprocessing = 0;
		};
/* End PBXResourcesBuildPhase section */

/* Begin PBXShellScriptBuildPhase section */
		42F0B601636EAEEA958E7659 /* [CP] Embed Pods Frameworks */ = {
			isa = PBXShellScriptBuildPhase;
			buildActionMask = 2147483647;
			files = (
			);
			inputFileListPaths = (
				"${PODS_ROOT}/Target Support Files/Pods-RealmFetchSample/Pods-RealmFetchSample-frameworks-${CONFIGURATION}-input-files.xcfilelist",
			);
			name = "[CP] Embed Pods Frameworks";
			outputFileListPaths = (
				"${PODS_ROOT}/Target Support Files/Pods-RealmFetchSample/Pods-RealmFetchSample-frameworks-${CONFIGURATION}-output-files.xcfilelist",
			);
			runOnlyForDeploymentPostprocessing = 0;
			shellPath = /bin/sh;
			shellScript = "\"${PODS_ROOT}/Target Support Files/Pods-RealmFetchSample/Pods-RealmFetchSample-frameworks.sh\"\n";
			showEnvVarsInLog = 0;
		};
		81E762E19479CC1A0EE8034E /* [CP] Check Pods Manifest.lock */ = {
			isa = PBXShellScriptBuildPhase;
			buildActionMask = 2147483647;
			files = (
			);
			inputFileListPaths = (
			);
			inputPaths = (
				"${PODS_PODFILE_DIR_PATH}/Podfile.lock",
				"${PODS_ROOT}/Manifest.lock",
			);
			name = "[CP] Check Pods Manifest.lock";
			outputFileListPaths = (
			);
			outputPaths = (
				"$(DERIVED_FILE_DIR)/Pods-RealmFetchSample-checkManifestLockResult.txt",
			);
			runOnlyForDeploymentPostprocessing = 0;
			shellPath = /bin/sh;
			shellScript = "diff \"${PODS_PODFILE_DIR_PATH}/Podfile.lock\" \"${PODS_ROOT}/Manifest.lock\" > /dev/null\nif [ $? != 0 ] ; then\n    # print error to STDERR\n    echo \"error: The sandbox is not in sync with the Podfile.lock. Run 'pod install' or update your CocoaPods installation.\" >&2\n    exit 1\nfi\n# This output is used by Xcode 'outputs' to avoid re-running this script phase.\necho \"SUCCESS\" > \"${SCRIPT_OUTPUT_FILE_0}\"\n";
			showEnvVarsInLog = 0;
		};
/* End PBXShellScriptBuildPhase section */

/* Begin PBXSourcesBuildPhase section */
		28D38A6A2421A749006534CB /* Sources */ = {
			isa = PBXSourcesBuildPhase;
			buildActionMask = 2147483647;
			files = (
				28D38A8C2421F0E4006534CB /* Stupid.swift in Sources */,
				28D38A882421AECF006534CB /* ContentViewModel.swift in Sources */,
				28D38A722421A749006534CB /* AppDelegate.swift in Sources */,
				28D38A8A2421D0F2006534CB /* CancellableArrayExtension.swift in Sources */,
				28D38A742421A749006534CB /* SceneDelegate.swift in Sources */,
				28D38A762421A749006534CB /* ContentView.swift in Sources */,
			);
			runOnlyForDeploymentPostprocessing = 0;
		};
/* End PBXSourcesBuildPhase section */

/* Begin PBXVariantGroup section */
		28D38A7C2421A74A006534CB /* LaunchScreen.storyboard */ = {
			isa = PBXVariantGroup;
			children = (
				28D38A7D2421A74A006534CB /* Base */,
			);
			name = LaunchScreen.storyboard;
			sourceTree = "<group>";
		};
/* End PBXVariantGroup section */

/* Begin XCBuildConfiguration section */
		28D38A802421A74A006534CB /* Debug */ = {
			isa = XCBuildConfiguration;
			buildSettings = {
				ALWAYS_SEARCH_USER_PATHS = NO;
				CLANG_ANALYZER_NONNULL = YES;
				CLANG_ANALYZER_NUMBER_OBJECT_CONVERSION = YES_AGGRESSIVE;
				CLANG_CXX_LANGUAGE_STANDARD = "gnu++14";
				CLANG_CXX_LIBRARY = "libc++";
				CLANG_ENABLE_MODULES = YES;
				CLANG_ENABLE_OBJC_ARC = YES;
				CLANG_ENABLE_OBJC_WEAK = YES;
				CLANG_WARN_BLOCK_CAPTURE_AUTORELEASING = YES;
				CLANG_WARN_BOOL_CONVERSION = YES;
				CLANG_WARN_COMMA = YES;
				CLANG_WARN_CONSTANT_CONVERSION = YES;
				CLANG_WARN_DEPRECATED_OBJC_IMPLEMENTATIONS = YES;
				CLANG_WARN_DIRECT_OBJC_ISA_USAGE = YES_ERROR;
				CLANG_WARN_DOCUMENTATION_COMMENTS = YES;
				CLANG_WARN_EMPTY_BODY = YES;
				CLANG_WARN_ENUM_CONVERSION = YES;
				CLANG_WARN_INFINITE_RECURSION = YES;
				CLANG_WARN_INT_CONVERSION = YES;
				CLANG_WARN_NON_LITERAL_NULL_CONVERSION = YES;
				CLANG_WARN_OBJC_IMPLICIT_RETAIN_SELF = YES;
				CLANG_WARN_OBJC_LITERAL_CONVERSION = YES;
				CLANG_WARN_OBJC_ROOT_CLASS = YES_ERROR;
				CLANG_WARN_RANGE_LOOP_ANALYSIS = YES;
				CLANG_WARN_STRICT_PROTOTYPES = YES;
				CLANG_WARN_SUSPICIOUS_MOVE = YES;
				CLANG_WARN_UNGUARDED_AVAILABILITY = YES_AGGRESSIVE;
				CLANG_WARN_UNREACHABLE_CODE = YES;
				CLANG_WARN__DUPLICATE_METHOD_MATCH = YES;
				COPY_PHASE_STRIP = NO;
				DEBUG_INFORMATION_FORMAT = dwarf;
				ENABLE_STRICT_OBJC_MSGSEND = YES;
				ENABLE_TESTABILITY = YES;
				GCC_C_LANGUAGE_STANDARD = gnu11;
				GCC_DYNAMIC_NO_PIC = NO;
				GCC_NO_COMMON_BLOCKS = YES;
				GCC_OPTIMIZATION_LEVEL = 0;
				GCC_PREPROCESSOR_DEFINITIONS = (
					"DEBUG=1",
					"$(inherited)",
				);
				GCC_WARN_64_TO_32_BIT_CONVERSION = YES;
				GCC_WARN_ABOUT_RETURN_TYPE = YES_ERROR;
				GCC_WARN_UNDECLARED_SELECTOR = YES;
				GCC_WARN_UNINITIALIZED_AUTOS = YES_AGGRESSIVE;
				GCC_WARN_UNUSED_FUNCTION = YES;
				GCC_WARN_UNUSED_VARIABLE = YES;
				IPHONEOS_DEPLOYMENT_TARGET = 13.2;
				MTL_ENABLE_DEBUG_INFO = INCLUDE_SOURCE;
				MTL_FAST_MATH = YES;
				ONLY_ACTIVE_ARCH = YES;
				SDKROOT = iphoneos;
				SWIFT_ACTIVE_COMPILATION_CONDITIONS = DEBUG;
				SWIFT_OPTIMIZATION_LEVEL = "-Onone";
			};
			name = Debug;
		};
		28D38A812421A74A006534CB /* Release */ = {
			isa = XCBuildConfiguration;
			buildSettings = {
				ALWAYS_SEARCH_USER_PATHS = NO;
				CLANG_ANALYZER_NONNULL = YES;
				CLANG_ANALYZER_NUMBER_OBJECT_CONVERSION = YES_AGGRESSIVE;
				CLANG_CXX_LANGUAGE_STANDARD = "gnu++14";
				CLANG_CXX_LIBRARY = "libc++";
				CLANG_ENABLE_MODULES = YES;
				CLANG_ENABLE_OBJC_ARC = YES;
				CLANG_ENABLE_OBJC_WEAK = YES;
				CLANG_WARN_BLOCK_CAPTURE_AUTORELEASING = YES;
				CLANG_WARN_BOOL_CONVERSION = YES;
				CLANG_WARN_COMMA = YES;
				CLANG_WARN_CONSTANT_CONVERSION = YES;
				CLANG_WARN_DEPRECATED_OBJC_IMPLEMENTATIONS = YES;
				CLANG_WARN_DIRECT_OBJC_ISA_USAGE = YES_ERROR;
				CLANG_WARN_DOCUMENTATION_COMMENTS = YES;
				CLANG_WARN_EMPTY_BODY = YES;
				CLANG_WARN_ENUM_CONVERSION = YES;
				CLANG_WARN_INFINITE_RECURSION = YES;
				CLANG_WARN_INT_CONVERSION = YES;
				CLANG_WARN_NON_LITERAL_NULL_CONVERSION = YES;
				CLANG_WARN_OBJC_IMPLICIT_RETAIN_SELF = YES;
				CLANG_WARN_OBJC_LITERAL_CONVERSION = YES;
				CLANG_WARN_OBJC_ROOT_CLASS = YES_ERROR;
				CLANG_WARN_RANGE_LOOP_ANALYSIS = YES;
				CLANG_WARN_STRICT_PROTOTYPES = YES;
				CLANG_WARN_SUSPICIOUS_MOVE = YES;
				CLANG_WARN_UNGUARDED_AVAILABILITY = YES_AGGRESSIVE;
				CLANG_WARN_UNREACHABLE_CODE = YES;
				CLANG_WARN__DUPLICATE_METHOD_MATCH = YES;
				COPY_PHASE_STRIP = NO;
				DEBUG_INFORMATION_FORMAT = "dwarf-with-dsym";
				ENABLE_NS_ASSERTIONS = NO;
				ENABLE_STRICT_OBJC_MSGSEND = YES;
				GCC_C_LANGUAGE_STANDARD = gnu11;
				GCC_NO_COMMON_BLOCKS = YES;
				GCC_WARN_64_TO_32_BIT_CONVERSION = YES;
				GCC_WARN_ABOUT_RETURN_TYPE = YES_ERROR;
				GCC_WARN_UNDECLARED_SELECTOR = YES;
				GCC_WARN_UNINITIALIZED_AUTOS = YES_AGGRESSIVE;
				GCC_WARN_UNUSED_FUNCTION = YES;
				GCC_WARN_UNUSED_VARIABLE = YES;
				IPHONEOS_DEPLOYMENT_TARGET = 13.2;
				MTL_ENABLE_DEBUG_INFO = NO;
				MTL_FAST_MATH = YES;
				SDKROOT = iphoneos;
				SWIFT_COMPILATION_MODE = wholemodule;
				SWIFT_OPTIMIZATION_LEVEL = "-O";
				VALIDATE_PRODUCT = YES;
			};
			name = Release;
		};
		28D38A832421A74A006534CB /* Debug */ = {
			isa = XCBuildConfiguration;
			baseConfigurationReference = 98FF82CD154FC8ED5D333694 /* Pods-RealmFetchSample.debug.xcconfig */;
			buildSettings = {
				ASSETCATALOG_COMPILER_APPICON_NAME = AppIcon;
				CODE_SIGN_STYLE = Automatic;
				DEVELOPMENT_ASSET_PATHS = "\"RealmFetchSample/Preview Content\"";
				DEVELOPMENT_TEAM = 46LL9GB2Q8;
				ENABLE_PREVIEWS = YES;
				INFOPLIST_FILE = RealmFetchSample/Info.plist;
				LD_RUNPATH_SEARCH_PATHS = (
					"$(inherited)",
					"@executable_path/Frameworks",
				);
				PRODUCT_BUNDLE_IDENTIFIER = com.conpass.sample.realm.fetch.RealmFetchSample;
				PRODUCT_NAME = "$(TARGET_NAME)";
				SWIFT_VERSION = 5.0;
				TARGETED_DEVICE_FAMILY = "1,2";
			};
			name = Debug;
		};
		28D38A842421A74A006534CB /* Release */ = {
			isa = XCBuildConfiguration;
			baseConfigurationReference = D241BF049F289B7716E9E543 /* Pods-RealmFetchSample.release.xcconfig */;
			buildSettings = {
				ASSETCATALOG_COMPILER_APPICON_NAME = AppIcon;
				CODE_SIGN_STYLE = Automatic;
				DEVELOPMENT_ASSET_PATHS = "\"RealmFetchSample/Preview Content\"";
				DEVELOPMENT_TEAM = 46LL9GB2Q8;
				ENABLE_PREVIEWS = YES;
				INFOPLIST_FILE = RealmFetchSample/Info.plist;
				LD_RUNPATH_SEARCH_PATHS = (
					"$(inherited)",
					"@executable_path/Frameworks",
				);
				PRODUCT_BUNDLE_IDENTIFIER = com.conpass.sample.realm.fetch.RealmFetchSample;
				PRODUCT_NAME = "$(TARGET_NAME)";
				SWIFT_VERSION = 5.0;
				TARGETED_DEVICE_FAMILY = "1,2";
			};
			name = Release;
		};
/* End XCBuildConfiguration section */

/* Begin XCConfigurationList section */
		28D38A692421A749006534CB /* Build configuration list for PBXProject "RealmFetchSample" */ = {
			isa = XCConfigurationList;
			buildConfigurations = (
				28D38A802421A74A006534CB /* Debug */,
				28D38A812421A74A006534CB /* Release */,
			);
			defaultConfigurationIsVisible = 0;
			defaultConfigurationName = Release;
		};
		28D38A822421A74A006534CB /* Build configuration list for PBXNativeTarget "RealmFetchSample" */ = {
			isa = XCConfigurationList;
			buildConfigurations = (
				28D38A832421A74A006534CB /* Debug */,
				28D38A842421A74A006534CB /* Release */,
			);
			defaultConfigurationIsVisible = 0;
			defaultConfigurationName = Release;
		};
/* End XCConfigurationList section */
	};
	rootObject = 28D38A662421A749006534CB /* Project object */;
}
